
Microsoft Visual Studio Solution File, Format Version 12.00
# Visual Studio 15
Project("{FAE04EC0-301F-11D3-BF4B-00C04F79EFBC}") = "error_handling", "error_handling\error_handling.csproj", "{23BB578B-85AC-4476-9A8C-DA67FFD1120F}"
EndProject
Global
	GlobalSection(SolutionConfigurationPlatforms) = preSolution
		Debug|Any CPU = Debug|Any CPU
		Release|Any CPU = Release|Any CPU
	EndGlobalSection
	GlobalSection(ProjectConfigurationPlatforms) = postSolution
		{23BB578B-85AC-4476-9A8C-DA67FFD1120F}.Debug|Any CPU.ActiveCfg = Debug|Any CPU
		{23BB578B-85AC-4476-9A8C-DA67FFD1120F}.Debug|Any CPU.Build.0 = Debug|Any CPU
		{23BB578B-85AC-4476-9A8C-DA67FFD1120F}.Release|Any CPU.ActiveCfg = Release|Any CPU
		{23BB578B-85AC-4476-9A8C-DA67FFD1120F}.Release|Any CPU.Build.0 = Release|Any CPU
	EndGlobalSection
EndGlobal
